# This file is autogenerated, do not edit; changes may be undone by the next 'dep ensure'.


[[projects]]
  branch = "master"
  name = "github.com/alexflint/go-arg"
  packages = ["."]
  revision = "f7c0423bd11ee80ab81d25c6d46f492998af8547"

[[projects]]
  branch = "master"
  name = "github.com/alexflint/go-scalar"
  packages = ["."]
  revision = "e80c3b7ed292b052c7083b6fd7154a8422c33f65"

[solve-meta]
  analyzer-name = "dep"
  analyzer-version = 1
  inputs-digest = "d13c8ae6d8d302d2df7e0b91e8b06e0b055e2d75bc17eb524f5349cdd052a742"
  solver-name = "gps-cdcl"
  solver-version = 1
